// !$*UTF8*$!
{
	archiveVersion = 1;
	classes = {
	};
	objectVersion = 50;
	objects = {

/* Begin PBXBuildFile section */
		323A4F6F25A5CE22003CEF8F /* AppDelegate.swift in Sources */ = {isa = PBXBuildFile; fileRef = 323A4F6E25A5CE22003CEF8F /* AppDelegate.swift */; };
		323A4F7125A5CE22003CEF8F /* SceneDelegate.swift in Sources */ = {isa = PBXBuildFile; fileRef = 323A4F7025A5CE22003CEF8F /* SceneDelegate.swift */; };
		323A4F7325A5CE22003CEF8F /* ViewController.swift in Sources */ = {isa = PBXBuildFile; fileRef = 323A4F7225A5CE22003CEF8F /* ViewController.swift */; };
		323A4F7625A5CE22003CEF8F /* Main.storyboard in Resources */ = {isa = PBXBuildFile; fileRef = 323A4F7425A5CE22003CEF8F /* Main.storyboard */; };
		323A4F7825A5CE23003CEF8F /* Assets.xcassets in Resources */ = {isa = PBXBuildFile; fileRef = 323A4F7725A5CE23003CEF8F /* Assets.xcassets */; };
		323A4F7B25A5CE23003CEF8F /* LaunchScreen.storyboard in Resources */ = {isa = PBXBuildFile; fileRef = 323A4F7925A5CE23003CEF8F /* LaunchScreen.storyboard */; };
		323A4F8625A5CE23003CEF8F /* covid19Tests.swift in Sources */ = {isa = PBXBuildFile; fileRef = 323A4F8525A5CE23003CEF8F /* covid19Tests.swift */; };
		323A4F9125A5CE23003CEF8F /* covid19UITests.swift in Sources */ = {isa = PBXBuildFile; fileRef = 323A4F9025A5CE23003CEF8F /* covid19UITests.swift */; };
/* End PBXBuildFile section */

/* Begin PBXContainerItemProxy section */
		323A4F8225A5CE23003CEF8F /* PBXContainerItemProxy */ = {
			isa = PBXContainerItemProxy;
			containerPortal = 323A4F6325A5CE22003CEF8F /* Project object */;
			proxyType = 1;
			remoteGlobalIDString = 323A4F6A25A5CE22003CEF8F;
			remoteInfo = covid19;
		};
		323A4F8D25A5CE23003CEF8F /* PBXContainerItemProxy */ = {
			isa = PBXContainerItemProxy;
			containerPortal = 323A4F6325A5CE22003CEF8F /* Project object */;
			proxyType = 1;
			remoteGlobalIDString = 323A4F6A25A5CE22003CEF8F;
			remoteInfo = covid19;
		};
/* End PBXContainerItemProxy section */

/* Begin PBXFileReference section */
		323A4F6B25A5CE22003CEF8F /* covid19.app */ = {isa = PBXFileReference; explicitFileType = wrapper.application; includeInIndex = 0; path = covid19.app; sourceTree = BUILT_PRODUCTS_DIR; };
		323A4F6E25A5CE22003CEF8F /* AppDelegate.swift */ = {isa = PBXFileReference; lastKnownFileType = sourcecode.swift; path = AppDelegate.swift; sourceTree = "<group>"; };
		323A4F7025A5CE22003CEF8F /* SceneDelegate.swift */ = {isa = PBXFileReference; lastKnownFileType = sourcecode.swift; path = SceneDelegate.swift; sourceTree = "<group>"; };
		323A4F7225A5CE22003CEF8F /* ViewController.swift */ = {isa = PBXFileReference; lastKnownFileType = sourcecode.swift; path = ViewController.swift; sourceTree = "<group>"; };
		323A4F7525A5CE22003CEF8F /* Base */ = {isa = PBXFileReference; lastKnownFileType = file.storyboard; name = Base; path = Base.lproj/Main.storyboard; sourceTree = "<group>"; };
		323A4F7725A5CE23003CEF8F /* Assets.xcassets */ = {isa = PBXFileReference; lastKnownFileType = folder.assetcatalog; path = Assets.xcassets; sourceTree = "<group>"; };
		323A4F7A25A5CE23003CEF8F /* Base */ = {isa = PBXFileReference; lastKnownFileType = file.storyboard; name = Base; path = Base.lproj/LaunchScreen.storyboard; sourceTree = "<group>"; };
		323A4F7C25A5CE23003CEF8F /* Info.plist */ = {isa = PBXFileReference; lastKnownFileType = text.plist.xml; path = Info.plist; sourceTree = "<group>"; };
		323A4F8125A5CE23003CEF8F /* covid19Tests.xctest */ = {isa = PBXFileReference; explicitFileType = wrapper.cfbundle; includeInIndex = 0; path = covid19Tests.xctest; sourceTree = BUILT_PRODUCTS_DIR; };
		323A4F8525A5CE23003CEF8F /* covid19Tests.swift */ = {isa = PBXFileReference; lastKnownFileType = sourcecode.swift; path = covid19Tests.swift; sourceTree = "<group>"; };
		323A4F8725A5CE23003CEF8F /* Info.plist */ = {isa = PBXFileReference; lastKnownFileType = text.plist.xml; path = Info.plist; sourceTree = "<group>"; };
		323A4F8C25A5CE23003CEF8F /* covid19UITests.xctest */ = {isa = PBXFileReference; explicitFileType = wrapper.cfbundle; includeInIndex = 0; path = covid19UITests.xctest; sourceTree = BUILT_PRODUCTS_DIR; };
		323A4F9025A5CE23003CEF8F /* covid19UITests.swift */ = {isa = PBXFileReference; lastKnownFileType = sourcecode.swift; path = covid19UITests.swift; sourceTree = "<group>"; };
		323A4F9225A5CE23003CEF8F /* Info.plist */ = {isa = PBXFileReference; lastKnownFileType = text.plist.xml; path = Info.plist; sourceTree = "<group>"; };
/* End PBXFileReference section */

/* Begin PBXFrameworksBuildPhase section */
		323A4F6825A5CE22003CEF8F /* Frameworks */ = {
			isa = PBXFrameworksBuildPhase;
			buildActionMask = 2147483647;
			files = (
			);
			runOnlyForDeploymentPostprocessing = 0;
		};
		323A4F7E25A5CE23003CEF8F /* Frameworks */ = {
			isa = PBXFrameworksBuildPhase;
			buildActionMask = 2147483647;
			files = (
			);
			runOnlyForDeploymentPostprocessing = 0;
		};
		323A4F8925A5CE23003CEF8F /* Frameworks */ = {
			isa = PBXFrameworksBuildPhase;
			buildActionMask = 2147483647;
			files = (
			);
			runOnlyForDeploymentPostprocessing = 0;
		};
/* End PBXFrameworksBuildPhase section */

/* Begin PBXGroup section */
		323A4F6225A5CE22003CEF8F = {
			isa = PBXGroup;
			children = (
				323A4F6D25A5CE22003CEF8F /* covid19 */,
				323A4F8425A5CE23003CEF8F /* covid19Tests */,
				323A4F8F25A5CE23003CEF8F /* covid19UITests */,
				323A4F6C25A5CE22003CEF8F /* Products */,
			);
			sourceTree = "<group>";
		};
		323A4F6C25A5CE22003CEF8F /* Products */ = {
			isa = PBXGroup;
			children = (
				323A4F6B25A5CE22003CEF8F /* covid19.app */,
				323A4F8125A5CE23003CEF8F /* covid19Tests.xctest */,
				323A4F8C25A5CE23003CEF8F /* covid19UITests.xctest */,
			);
			name = Products;
			sourceTree = "<group>";
		};
		323A4F6D25A5CE22003CEF8F /* covid19 */ = {
			isa = PBXGroup;
			children = (
				323A4F6E25A5CE22003CEF8F /* AppDelegate.swift */,
				323A4F7025A5CE22003CEF8F /* SceneDelegate.swift */,
				323A4F7225A5CE22003CEF8F /* ViewController.swift */,
				323A4F7425A5CE22003CEF8F /* Main.storyboard */,
				323A4F7725A5CE23003CEF8F /* Assets.xcassets */,
				323A4F7925A5CE23003CEF8F /* LaunchScreen.storyboard */,
				323A4F7C25A5CE23003CEF8F /* Info.plist */,
			);
			path = covid19;
			sourceTree = "<group>";
		};
		323A4F8425A5CE23003CEF8F /* covid19Tests */ = {
			isa = PBXGroup;
			children = (
				323A4F8525A5CE23003CEF8F /* covid19Tests.swift */,
				323A4F8725A5CE23003CEF8F /* Info.plist */,
			);
			path = covid19Tests;
			sourceTree = "<group>";
		};
		323A4F8F25A5CE23003CEF8F /* covid19UITests */ = {
			isa = PBXGroup;
			children = (
				323A4F9025A5CE23003CEF8F /* covid19UITests.swift */,
				323A4F9225A5CE23003CEF8F /* Info.plist */,
			);
			path = covid19UITests;
			sourceTree = "<group>";
		};
/* End PBXGroup section */

/* Begin PBXNativeTarget section */
		323A4F6A25A5CE22003CEF8F /* covid19 */ = {
			isa = PBXNativeTarget;
			buildConfigurationList = 323A4F9525A5CE23003CEF8F /* Build configuration list for PBXNativeTarget "covid19" */;
			buildPhases = (
				323A4F6725A5CE22003CEF8F /* Sources */,
				323A4F6825A5CE22003CEF8F /* Frameworks */,
				323A4F6925A5CE22003CEF8F /* Resources */,
			);
			buildRules = (
			);
			dependencies = (
			);
			name = covid19;
			productName = covid19;
			productReference = 323A4F6B25A5CE22003CEF8F /* covid19.app */;
			productType = "com.apple.product-type.application";
		};
		323A4F8025A5CE23003CEF8F /* covid19Tests */ = {
			isa = PBXNativeTarget;
			buildConfigurationList = 323A4F9825A5CE23003CEF8F /* Build configuration list for PBXNativeTarget "covid19Tests" */;
			buildPhases = (
				323A4F7D25A5CE23003CEF8F /* Sources */,
				323A4F7E25A5CE23003CEF8F /* Frameworks */,
				323A4F7F25A5CE23003CEF8F /* Resources */,
			);
			buildRules = (
			);
			dependencies = (
				323A4F8325A5CE23003CEF8F /* PBXTargetDependency */,
			);
			name = covid19Tests;
			productName = covid19Tests;
			productReference = 323A4F8125A5CE23003CEF8F /* covid19Tests.xctest */;
			productType = "com.apple.product-type.bundle.unit-test";
		};
		323A4F8B25A5CE23003CEF8F /* covid19UITests */ = {
			isa = PBXNativeTarget;
			buildConfigurationList = 323A4F9B25A5CE23003CEF8F /* Build configuration list for PBXNativeTarget "covid19UITests" */;
			buildPhases = (
				323A4F8825A5CE23003CEF8F /* Sources */,
				323A4F8925A5CE23003CEF8F /* Frameworks */,
				323A4F8A25A5CE23003CEF8F /* Resources */,
			);
			buildRules = (
			);
			dependencies = (
				323A4F8E25A5CE23003CEF8F /* PBXTargetDependency */,
			);
			name = covid19UITests;
			productName = covid19UITests;
			productReference = 323A4F8C25A5CE23003CEF8F /* covid19UITests.xctest */;
			productType = "com.apple.product-type.bundle.ui-testing";
		};
/* End PBXNativeTarget section */

/* Begin PBXProject section */
		323A4F6325A5CE22003CEF8F /* Project object */ = {
			isa = PBXProject;
			attributes = {
				LastSwiftUpdateCheck = 1220;
				LastUpgradeCheck = 1220;
				TargetAttributes = {
					323A4F6A25A5CE22003CEF8F = {
						CreatedOnToolsVersion = 12.2;
					};
					323A4F8025A5CE23003CEF8F = {
						CreatedOnToolsVersion = 12.2;
						TestTargetID = 323A4F6A25A5CE22003CEF8F;
					};
					323A4F8B25A5CE23003CEF8F = {
						CreatedOnToolsVersion = 12.2;
						TestTargetID = 323A4F6A25A5CE22003CEF8F;
					};
				};
			};
			buildConfigurationList = 323A4F6625A5CE22003CEF8F /* Build configuration list for PBXProject "covid19" */;
			compatibilityVersion = "Xcode 9.3";
			developmentRegion = en;
			hasScannedForEncodings = 0;
			knownRegions = (
				en,
				Base,
			);
			mainGroup = 323A4F6225A5CE22003CEF8F;
			productRefGroup = 323A4F6C25A5CE22003CEF8F /* Products */;
			projectDirPath = "";
			projectRoot = "";
			targets = (
				323A4F6A25A5CE22003CEF8F /* covid19 */,
				323A4F8025A5CE23003CEF8F /* covid19Tests */,
				323A4F8B25A5CE23003CEF8F /* covid19UITests */,
			);
		};
/* End PBXProject section */

/* Begin PBXResourcesBuildPhase section */
		323A4F6925A5CE22003CEF8F /* Resources */ = {
			isa = PBXResourcesBuildPhase;
			buildActionMask = 2147483647;
			files = (
				323A4F7B25A5CE23003CEF8F /* LaunchScreen.storyboard in Resources */,
				323A4F7825A5CE23003CEF8F /* Assets.xcassets in Resources */,
				323A4F7625A5CE22003CEF8F /* Main.storyboard in Resources */,
			);
			runOnlyForDeploymentPostprocessing = 0;
		};
		323A4F7F25A5CE23003CEF8F /* Resources */ = {
			isa = PBXResourcesBuildPhase;
			buildActionMask = 2147483647;
			files = (
			);
			runOnlyForDeploymentPostprocessing = 0;
		};
		323A4F8A25A5CE23003CEF8F /* Resources */ = {
			isa = PBXResourcesBuildPhase;
			buildActionMask = 2147483647;
			files = (
			);
			runOnlyForDeploymentPostprocessing = 0;
		};
/* End PBXResourcesBuildPhase section */

/* Begin PBXSourcesBuildPhase section */
		323A4F6725A5CE22003CEF8F /* Sources */ = {
			isa = PBXSourcesBuildPhase;
			buildActionMask = 2147483647;
			files = (
				323A4F7325A5CE22003CEF8F /* ViewController.swift in Sources */,
				323A4F6F25A5CE22003CEF8F /* AppDelegate.swift in Sources */,
				323A4F7125A5CE22003CEF8F /* SceneDelegate.swift in Sources */,
			);
			runOnlyForDeploymentPostprocessing = 0;
		};
		323A4F7D25A5CE23003CEF8F /* Sources */ = {
			isa = PBXSourcesBuildPhase;
			buildActionMask = 2147483647;
			files = (
				323A4F8625A5CE23003CEF8F /* covid19Tests.swift in Sources */,
			);
			runOnlyForDeploymentPostprocessing = 0;
		};
		323A4F8825A5CE23003CEF8F /* Sources */ = {
			isa = PBXSourcesBuildPhase;
			buildActionMask = 2147483647;
			files = (
				323A4F9125A5CE23003CEF8F /* covid19UITests.swift in Sources */,
			);
			runOnlyForDeploymentPostprocessing = 0;
		};
/* End PBXSourcesBuildPhase section */

/* Begin PBXTargetDependency section */
		323A4F8325A5CE23003CEF8F /* PBXTargetDependency */ = {
			isa = PBXTargetDependency;
			target = 323A4F6A25A5CE22003CEF8F /* covid19 */;
			targetProxy = 323A4F8225A5CE23003CEF8F /* PBXContainerItemProxy */;
		};
		323A4F8E25A5CE23003CEF8F /* PBXTargetDependency */ = {
			isa = PBXTargetDependency;
			target = 323A4F6A25A5CE22003CEF8F /* covid19 */;
			targetProxy = 323A4F8D25A5CE23003CEF8F /* PBXContainerItemProxy */;
		};
/* End PBXTargetDependency section */

/* Begin PBXVariantGroup section */
		323A4F7425A5CE22003CEF8F /* Main.storyboard */ = {
			isa = PBXVariantGroup;
			children = (
				323A4F7525A5CE22003CEF8F /* Base */,
			);
			name = Main.storyboard;
			sourceTree = "<group>";
		};
		323A4F7925A5CE23003CEF8F /* LaunchScreen.storyboard */ = {
			isa = PBXVariantGroup;
			children = (
				323A4F7A25A5CE23003CEF8F /* Base */,
			);
			name = LaunchScreen.storyboard;
			sourceTree = "<group>";
		};
/* End PBXVariantGroup section */

/* Begin XCBuildConfiguration section */
		323A4F9325A5CE23003CEF8F /* Debug */ = {
			isa = XCBuildConfiguration;
			buildSettings = {
				ALWAYS_SEARCH_USER_PATHS = NO;
				CLANG_ANALYZER_NONNULL = YES;
				CLANG_ANALYZER_NUMBER_OBJECT_CONVERSION = YES_AGGRESSIVE;
				CLANG_CXX_LANGUAGE_STANDARD = "gnu++14";
				CLANG_CXX_LIBRARY = "libc++";
				CLANG_ENABLE_MODULES = YES;
				CLANG_ENABLE_OBJC_ARC = YES;
				CLANG_ENABLE_OBJC_WEAK = YES;
				CLANG_WARN_BLOCK_CAPTURE_AUTORELEASING = YES;
				CLANG_WARN_BOOL_CONVERSION = YES;
				CLANG_WARN_COMMA = YES;
				CLANG_WARN_CONSTANT_CONVERSION = YES;
				CLANG_WARN_DEPRECATED_OBJC_IMPLEMENTATIONS = YES;
				CLANG_WARN_DIRECT_OBJC_ISA_USAGE = YES_ERROR;
				CLANG_WARN_DOCUMENTATION_COMMENTS = YES;
				CLANG_WARN_EMPTY_BODY = YES;
				CLANG_WARN_ENUM_CONVERSION = YES;
				CLANG_WARN_INFINITE_RECURSION = YES;
				CLANG_WARN_INT_CONVERSION = YES;
				CLANG_WARN_NON_LITERAL_NULL_CONVERSION = YES;
				CLANG_WARN_OBJC_IMPLICIT_RETAIN_SELF = YES;
				CLANG_WARN_OBJC_LITERAL_CONVERSION = YES;
				CLANG_WARN_OBJC_ROOT_CLASS = YES_ERROR;
				CLANG_WARN_QUOTED_INCLUDE_IN_FRAMEWORK_HEADER = YES;
				CLANG_WARN_RANGE_LOOP_ANALYSIS = YES;
				CLANG_WARN_STRICT_PROTOTYPES = YES;
				CLANG_WARN_SUSPICIOUS_MOVE = YES;
				CLANG_WARN_UNGUARDED_AVAILABILITY = YES_AGGRESSIVE;
				CLANG_WARN_UNREACHABLE_CODE = YES;
				CLANG_WARN__DUPLICATE_METHOD_MATCH = YES;
				COPY_PHASE_STRIP = NO;
				DEBUG_INFORMATION_FORMAT = dwarf;
				ENABLE_STRICT_OBJC_MSGSEND = YES;
				ENABLE_TESTABILITY = YES;
				GCC_C_LANGUAGE_STANDARD = gnu11;
				GCC_DYNAMIC_NO_PIC = NO;
				GCC_NO_COMMON_BLOCKS = YES;
				GCC_OPTIMIZATION_LEVEL = 0;
				GCC_PREPROCESSOR_DEFINITIONS = (
					"DEBUG=1",
					"$(inherited)",
				);
				GCC_WARN_64_TO_32_BIT_CONVERSION = YES;
				GCC_WARN_ABOUT_RETURN_TYPE = YES_ERROR;
				GCC_WARN_UNDECLARED_SELECTOR = YES;
				GCC_WARN_UNINITIALIZED_AUTOS = YES_AGGRESSIVE;
				GCC_WARN_UNUSED_FUNCTION = YES;
				GCC_WARN_UNUSED_VARIABLE = YES;
				IPHONEOS_DEPLOYMENT_TARGET = 14.2;
				MTL_ENABLE_DEBUG_INFO = INCLUDE_SOURCE;
				MTL_FAST_MATH = YES;
				ONLY_ACTIVE_ARCH = YES;
				SDKROOT = iphoneos;
				SWIFT_ACTIVE_COMPILATION_CONDITIONS = DEBUG;
				SWIFT_OPTIMIZATION_LEVEL = "-Onone";
			};
			name = Debug;
		};
		323A4F9425A5CE23003CEF8F /* Release */ = {
			isa = XCBuildConfiguration;
			buildSettings = {
				ALWAYS_SEARCH_USER_PATHS = NO;
				CLANG_ANALYZER_NONNULL = YES;
				CLANG_ANALYZER_NUMBER_OBJECT_CONVERSION = YES_AGGRESSIVE;
				CLANG_CXX_LANGUAGE_STANDARD = "gnu++14";
				CLANG_CXX_LIBRARY = "libc++";
				CLANG_ENABLE_MODULES = YES;
				CLANG_ENABLE_OBJC_ARC = YES;
				CLANG_ENABLE_OBJC_WEAK = YES;
				CLANG_WARN_BLOCK_CAPTURE_AUTORELEASING = YES;
				CLANG_WARN_BOOL_CONVERSION = YES;
				CLANG_WARN_COMMA = YES;
				CLANG_WARN_CONSTANT_CONVERSION = YES;
				CLANG_WARN_DEPRECATED_OBJC_IMPLEMENTATIONS = YES;
				CLANG_WARN_DIRECT_OBJC_ISA_USAGE = YES_ERROR;
				CLANG_WARN_DOCUMENTATION_COMMENTS = YES;
				CLANG_WARN_EMPTY_BODY = YES;
				CLANG_WARN_ENUM_CONVERSION = YES;
				CLANG_WARN_INFINITE_RECURSION = YES;
				CLANG_WARN_INT_CONVERSION = YES;
				CLANG_WARN_NON_LITERAL_NULL_CONVERSION = YES;
				CLANG_WARN_OBJC_IMPLICIT_RETAIN_SELF = YES;
				CLANG_WARN_OBJC_LITERAL_CONVERSION = YES;
				CLANG_WARN_OBJC_ROOT_CLASS = YES_ERROR;
				CLANG_WARN_QUOTED_INCLUDE_IN_FRAMEWORK_HEADER = YES;
				CLANG_WARN_RANGE_LOOP_ANALYSIS = YES;
				CLANG_WARN_STRICT_PROTOTYPES = YES;
				CLANG_WARN_SUSPICIOUS_MOVE = YES;
				CLANG_WARN_UNGUARDED_AVAILABILITY = YES_AGGRESSIVE;
				CLANG_WARN_UNREACHABLE_CODE = YES;
				CLANG_WARN__DUPLICATE_METHOD_MATCH = YES;
				COPY_PHASE_STRIP = NO;
				DEBUG_INFORMATION_FORMAT = "dwarf-with-dsym";
				ENABLE_NS_ASSERTIONS = NO;
				ENABLE_STRICT_OBJC_MSGSEND = YES;
				GCC_C_LANGUAGE_STANDARD = gnu11;
				GCC_NO_COMMON_BLOCKS = YES;
				GCC_WARN_64_TO_32_BIT_CONVERSION = YES;
				GCC_WARN_ABOUT_RETURN_TYPE = YES_ERROR;
				GCC_WARN_UNDECLARED_SELECTOR = YES;
				GCC_WARN_UNINITIALIZED_AUTOS = YES_AGGRESSIVE;
				GCC_WARN_UNUSED_FUNCTION = YES;
				GCC_WARN_UNUSED_VARIABLE = YES;
				IPHONEOS_DEPLOYMENT_TARGET = 14.2;
				MTL_ENABLE_DEBUG_INFO = NO;
				MTL_FAST_MATH = YES;
				SDKROOT = iphoneos;
				SWIFT_COMPILATION_MODE = wholemodule;
				SWIFT_OPTIMIZATION_LEVEL = "-O";
				VALIDATE_PRODUCT = YES;
			};
			name = Release;
		};
		323A4F9625A5CE23003CEF8F /* Debug */ = {
			isa = XCBuildConfiguration;
			buildSettings = {
				ASSETCATALOG_COMPILER_APPICON_NAME = AppIcon;
				ASSETCATALOG_COMPILER_GLOBAL_ACCENT_COLOR_NAME = AccentColor;
				CODE_SIGN_STYLE = Automatic;
				DEVELOPMENT_TEAM = A45865HREW;
				INFOPLIST_FILE = covid19/Info.plist;
				LD_RUNPATH_SEARCH_PATHS = (
					"$(inherited)",
					"@executable_path/Frameworks",
				);
				PRODUCT_BUNDLE_IDENTIFIER = com.nikolaylukyanchikov.covid19.covid19;
				PRODUCT_NAME = "$(TARGET_NAME)";
				SWIFT_VERSION = 5.0;
				TARGETED_DEVICE_FAMILY = "1,2";
			};
			name = Debug;
		};
		323A4F9725A5CE23003CEF8F /* Release */ = {
			isa = XCBuildConfiguration;
			buildSettings = {
				ASSETCATALOG_COMPILER_APPICON_NAME = AppIcon;
				ASSETCATALOG_COMPILER_GLOBAL_ACCENT_COLOR_NAME = AccentColor;
				CODE_SIGN_STYLE = Automatic;
				DEVELOPMENT_TEAM = A45865HREW;
				INFOPLIST_FILE = covid19/Info.plist;
				LD_RUNPATH_SEARCH_PATHS = (
					"$(inherited)",
					"@executable_path/Frameworks",
				);
				PRODUCT_BUNDLE_IDENTIFIER = com.nikolaylukyanchikov.covid19.covid19;
				PRODUCT_NAME = "$(TARGET_NAME)";
				SWIFT_VERSION = 5.0;
				TARGETED_DEVICE_FAMILY = "1,2";
			};
			name = Release;
		};
		323A4F9925A5CE23003CEF8F /* Debug */ = {
			isa = XCBuildConfiguration;
			buildSettings = {
				ALWAYS_EMBED_SWIFT_STANDARD_LIBRARIES = YES;
				BUNDLE_LOADER = "$(TEST_HOST)";
				CODE_SIGN_STYLE = Automatic;
				DEVELOPMENT_TEAM = A45865HREW;
				INFOPLIST_FILE = covid19Tests/Info.plist;
				IPHONEOS_DEPLOYMENT_TARGET = 14.2;
				LD_RUNPATH_SEARCH_PATHS = (
					"$(inherited)",
					"@executable_path/Frameworks",
					"@loader_path/Frameworks",
				);
				PRODUCT_BUNDLE_IDENTIFIER = com.nikolaylukyanchikov.covid19.covid19Tests;
				PRODUCT_NAME = "$(TARGET_NAME)";
				SWIFT_VERSION = 5.0;
				TARGETED_DEVICE_FAMILY = "1,2";
				TEST_HOST = "$(BUILT_PRODUCTS_DIR)/covid19.app/covid19";
			};
			name = Debug;
		};
		323A4F9A25A5CE23003CEF8F /* Release */ = {
			isa = XCBuildConfiguration;
			buildSettings = {
				ALWAYS_EMBED_SWIFT_STANDARD_LIBRARIES = YES;
				BUNDLE_LOADER = "$(TEST_HOST)";
				CODE_SIGN_STYLE = Automatic;
				DEVELOPMENT_TEAM = A45865HREW;
				INFOPLIST_FILE = covid19Tests/Info.plist;
				IPHONEOS_DEPLOYMENT_TARGET = 14.2;
				LD_RUNPATH_SEARCH_PATHS = (
					"$(inherited)",
					"@executable_path/Frameworks",
					"@loader_path/Frameworks",
				);
				PRODUCT_BUNDLE_IDENTIFIER = com.nikolaylukyanchikov.covid19.covid19Tests;
				PRODUCT_NAME = "$(TARGET_NAME)";
				SWIFT_VERSION = 5.0;
				TARGETED_DEVICE_FAMILY = "1,2";
				TEST_HOST = "$(BUILT_PRODUCTS_DIR)/covid19.app/covid19";
			};
			name = Release;
		};
		323A4F9C25A5CE23003CEF8F /* Debug */ = {
			isa = XCBuildConfiguration;
			buildSettings = {
				ALWAYS_EMBED_SWIFT_STANDARD_LIBRARIES = YES;
				CODE_SIGN_STYLE = Automatic;
				DEVELOPMENT_TEAM = A45865HREW;
				INFOPLIST_FILE = covid19UITests/Info.plist;
				LD_RUNPATH_SEARCH_PATHS = (
					"$(inherited)",
					"@executable_path/Frameworks",
					"@loader_path/Frameworks",
				);
				PRODUCT_BUNDLE_IDENTIFIER = com.nikolaylukyanchikov.covid19.covid19UITests;
				PRODUCT_NAME = "$(TARGET_NAME)";
				SWIFT_VERSION = 5.0;
				TARGETED_DEVICE_FAMILY = "1,2";
				TEST_TARGET_NAME = covid19;
			};
			name = Debug;
		};
		323A4F9D25A5CE23003CEF8F /* Release */ = {
			isa = XCBuildConfiguration;
			buildSettings = {
				ALWAYS_EMBED_SWIFT_STANDARD_LIBRARIES = YES;
				CODE_SIGN_STYLE = Automatic;
				DEVELOPMENT_TEAM = A45865HREW;
				INFOPLIST_FILE = covid19UITests/Info.plist;
				LD_RUNPATH_SEARCH_PATHS = (
					"$(inherited)",
					"@executable_path/Frameworks",
					"@loader_path/Frameworks",
				);
				PRODUCT_BUNDLE_IDENTIFIER = com.nikolaylukyanchikov.covid19.covid19UITests;
				PRODUCT_NAME = "$(TARGET_NAME)";
				SWIFT_VERSION = 5.0;
				TARGETED_DEVICE_FAMILY = "1,2";
				TEST_TARGET_NAME = covid19;
			};
			name = Release;
		};
/* End XCBuildConfiguration section */

/* Begin XCConfigurationList section */
		323A4F6625A5CE22003CEF8F /* Build configuration list for PBXProject "covid19" */ = {
			isa = XCConfigurationList;
			buildConfigurations = (
				323A4F9325A5CE23003CEF8F /* Debug */,
				323A4F9425A5CE23003CEF8F /* Release */,
			);
			defaultConfigurationIsVisible = 0;
			defaultConfigurationName = Release;
		};
		323A4F9525A5CE23003CEF8F /* Build configuration list for PBXNativeTarget "covid19" */ = {
			isa = XCConfigurationList;
			buildConfigurations = (
				323A4F9625A5CE23003CEF8F /* Debug */,
				323A4F9725A5CE23003CEF8F /* Release */,
			);
			defaultConfigurationIsVisible = 0;
			defaultConfigurationName = Release;
		};
		323A4F9825A5CE23003CEF8F /* Build configuration list for PBXNativeTarget "covid19Tests" */ = {
			isa = XCConfigurationList;
			buildConfigurations = (
				323A4F9925A5CE23003CEF8F /* Debug */,
				323A4F9A25A5CE23003CEF8F /* Release */,
			);
			defaultConfigurationIsVisible = 0;
			defaultConfigurationName = Release;
		};
		323A4F9B25A5CE23003CEF8F /* Build configuration list for PBXNativeTarget "covid19UITests" */ = {
			isa = XCConfigurationList;
			buildConfigurations = (
				323A4F9C25A5CE23003CEF8F /* Debug */,
				323A4F9D25A5CE23003CEF8F /* Release */,
			);
			defaultConfigurationIsVisible = 0;
			defaultConfigurationName = Release;
		};
/* End XCConfigurationList section */
	};
	rootObject = 323A4F6325A5CE22003CEF8F /* Project object */;
}
